PODS:
  - SteamLogin (0.1.1):
    - SteamLogin/Login (= 0.1.1)
  - SteamLogin/Login (0.1.1)

DEPENDENCIES:
  - SteamLogin (from `SteamLogin.podspec`)

EXTERNAL SOURCES:
  SteamLogin:
    :path: SteamLogin.podspec

SPEC CHECKSUMS:
  SteamLogin: 1c0d373f764152068f20e3afcf8f9e000f4bdc8a

PODFILE CHECKSUM: aed5c29b0619e23f0fc30bd7b16621e545e89f0d

COCOAPODS: 1.7.5
