PODS:
  - SteamLogin (0.1.1):
    - SteamLogin/Login (= 0.1.1)
  - SteamLogin/Login (0.1.1)

DEPENDENCIES:
  - SteamLogin (from `SteamLogin.podspec`)

EXTERNAL SOURCES:
  SteamLogin:
    :path: SteamLogin.podspec

SPEC CHECKSUMS:
  SteamLogin: 20a9e454096b75a4d327941ea85fd31178dfda07

PODFILE CHECKSUM: aed5c29b0619e23f0fc30bd7b16621e545e89f0d

COCOAPODS: 1.5.3
